Microsoft Visual Studio Solution File, Format Version 12.00
# Visual Studio Version 17
VisualStudioVersion = 17.5.2.0
MinimumVisualStudioVersion = 10.0.40219.1
Project("{FAE04EC0-301F-11D3-BF4B-00C04F79EFBC}") = "CaroAIServer", "CaroAIServer.csproj", "{5F4AF894-0830-3F75-490B-42D3E7E22B5E}"
EndProject
Global
	GlobalSection(SolutionConfigurationPlatforms) = preSolution
		Debug|Any CPU = Debug|Any CPU
		Release|Any CPU = Release|Any CPU
	EndGlobalSection
	GlobalSection(ProjectConfigurationPlatforms) = postSolution
		{5F4AF894-0830-3F75-490B-42D3E7E22B5E}.Debug|Any CPU.ActiveCfg = Debug|Any CPU
		{5F4AF894-0830-3F75-490B-42D3E7E22B5E}.Debug|Any CPU.Build.0 = Debug|Any CPU
		{5F4AF894-0830-3F75-490B-42D3E7E22B5E}.Release|Any CPU.ActiveCfg = Release|Any CPU
		{5F4AF894-0830-3F75-490B-42D3E7E22B5E}.Release|Any CPU.Build.0 = Release|Any CPU
	EndGlobalSection
	GlobalSection(SolutionProperties) = preSolution
		HideSolutionNode = FALSE
	EndGlobalSection
	GlobalSection(ExtensibilityGlobals) = postSolution
		SolutionGuid = {01814222-7600-4B32-9EB2-4CFDE687AA35}
	EndGlobalSection
EndGlobal
